
Microsoft Visual Studio Solution File, Format Version 12.00
# Visual Studio Version 17
VisualStudioVersion = 17.0.31903.59
MinimumVisualStudioVersion = 10.0.40219.1
Project("{2150E333-8FDC-42A3-9474-1A3956D46DE8}") = "src", "src", "{66C8B380-A39E-452F-A9A7-20B37139849A}"
EndProject
Project("{FAE04EC0-301F-11D3-BF4B-00C04F79EFBC}") = "fbn.console", "src\fbn.console\fbn.console.csproj", "{117BA254-DDF5-4AE5-922A-A16FC658E3C4}"
EndProject
Project("{FAE04EC0-301F-11D3-BF4B-00C04F79EFBC}") = "fbn.Data", "src\fbn.Data\fbn.Data.csproj", "{29E42EAF-56FC-4A96-923D-0CE33733B290}"
EndProject
Global
	GlobalSection(SolutionConfigurationPlatforms) = preSolution
		Debug|Any CPU = Debug|Any CPU
		Release|Any CPU = Release|Any CPU
	EndGlobalSection
	GlobalSection(SolutionProperties) = preSolution
		HideSolutionNode = FALSE
	EndGlobalSection
	GlobalSection(ProjectConfigurationPlatforms) = postSolution
		{117BA254-DDF5-4AE5-922A-A16FC658E3C4}.Debug|Any CPU.ActiveCfg = Debug|Any CPU
		{117BA254-DDF5-4AE5-922A-A16FC658E3C4}.Debug|Any CPU.Build.0 = Debug|Any CPU
		{117BA254-DDF5-4AE5-922A-A16FC658E3C4}.Release|Any CPU.ActiveCfg = Release|Any CPU
		{117BA254-DDF5-4AE5-922A-A16FC658E3C4}.Release|Any CPU.Build.0 = Release|Any CPU
		{29E42EAF-56FC-4A96-923D-0CE33733B290}.Debug|Any CPU.ActiveCfg = Debug|Any CPU
		{29E42EAF-56FC-4A96-923D-0CE33733B290}.Debug|Any CPU.Build.0 = Debug|Any CPU
		{29E42EAF-56FC-4A96-923D-0CE33733B290}.Release|Any CPU.ActiveCfg = Release|Any CPU
		{29E42EAF-56FC-4A96-923D-0CE33733B290}.Release|Any CPU.Build.0 = Release|Any CPU
	EndGlobalSection
	GlobalSection(NestedProjects) = preSolution
		{117BA254-DDF5-4AE5-922A-A16FC658E3C4} = {66C8B380-A39E-452F-A9A7-20B37139849A}
		{29E42EAF-56FC-4A96-923D-0CE33733B290} = {66C8B380-A39E-452F-A9A7-20B37139849A}
	EndGlobalSection
EndGlobal
